
Microsoft Visual Studio Solution File, Format Version 12.00
Project("{FAE04EC0-301F-11D3-BF4B-00C04F79EFBC}") = "GameEngine.Core", "GameEngine.Core\GameEngine.Core.csproj", "{4FAC0BCC-945D-4149-B80D-1051F8F9552B}"
EndProject
Project("{FAE04EC0-301F-11D3-BF4B-00C04F79EFBC}") = "GameEngine.Template", "GameEngine.Template\GameEngine.Template.csproj", "{6A7C75D8-073D-47BD-B202-CDB6149A796C}"
EndProject
Global
	GlobalSection(SolutionConfigurationPlatforms) = preSolution
		Debug|Any CPU = Debug|Any CPU
		Release|Any CPU = Release|Any CPU
	EndGlobalSection
	GlobalSection(ProjectConfigurationPlatforms) = postSolution
		{4FAC0BCC-945D-4149-B80D-1051F8F9552B}.Debug|Any CPU.ActiveCfg = Debug|Any CPU
		{4FAC0BCC-945D-4149-B80D-1051F8F9552B}.Debug|Any CPU.Build.0 = Debug|Any CPU
		{4FAC0BCC-945D-4149-B80D-1051F8F9552B}.Release|Any CPU.ActiveCfg = Release|Any CPU
		{4FAC0BCC-945D-4149-B80D-1051F8F9552B}.Release|Any CPU.Build.0 = Release|Any CPU
		{6A7C75D8-073D-47BD-B202-CDB6149A796C}.Debug|Any CPU.ActiveCfg = Debug|Any CPU
		{6A7C75D8-073D-47BD-B202-CDB6149A796C}.Debug|Any CPU.Build.0 = Debug|Any CPU
		{6A7C75D8-073D-47BD-B202-CDB6149A796C}.Release|Any CPU.ActiveCfg = Release|Any CPU
		{6A7C75D8-073D-47BD-B202-CDB6149A796C}.Release|Any CPU.Build.0 = Release|Any CPU
	EndGlobalSection
EndGlobal
